
Microsoft Visual Studio Solution File, Format Version 12.00
# Visual Studio Version 16
VisualStudioVersion = 16.0.30907.101
MinimumVisualStudioVersion = 10.0.40219.1
Project("{FAE04EC0-301F-11D3-BF4B-00C04F79EFBC}") = "ProyectoEjerciciosCap6Y7", "ProyectoEjerciciosCap6Y7.csproj", "{07692837-BC3F-45C4-830B-11FAC77BCB7E}"
EndProject
Global
	GlobalSection(SolutionConfigurationPlatforms) = preSolution
		Debug|Any CPU = Debug|Any CPU
		Release|Any CPU = Release|Any CPU
	EndGlobalSection
	GlobalSection(ProjectConfigurationPlatforms) = postSolution
		{07692837-BC3F-45C4-830B-11FAC77BCB7E}.Debug|Any CPU.ActiveCfg = Debug|Any CPU
		{07692837-BC3F-45C4-830B-11FAC77BCB7E}.Debug|Any CPU.Build.0 = Debug|Any CPU
		{07692837-BC3F-45C4-830B-11FAC77BCB7E}.Release|Any CPU.ActiveCfg = Release|Any CPU
		{07692837-BC3F-45C4-830B-11FAC77BCB7E}.Release|Any CPU.Build.0 = Release|Any CPU
	EndGlobalSection
	GlobalSection(SolutionProperties) = preSolution
		HideSolutionNode = FALSE
	EndGlobalSection
	GlobalSection(ExtensibilityGlobals) = postSolution
		SolutionGuid = {9A0ADCAA-F568-42C4-9BE2-4312AA8C7133}
	EndGlobalSection
EndGlobal
